// !$*UTF8*$!
{
	archiveVersion = 1;
	classes = {
	};
	objectVersion = 50;
	objects = {

/* Begin PBXBuildFile section */
		2EF30B1622E7FB47008F5A98 /* AppDelegate.m in Sources */ = {isa = PBXBuildFile; fileRef = 2EF30B1522E7FB47008F5A98 /* AppDelegate.m */; };
		2EF30B1922E7FB47008F5A98 /* ViewController.m in Sources */ = {isa = PBXBuildFile; fileRef = 2EF30B1822E7FB47008F5A98 /* ViewController.m */; };
		2EF30B1C22E7FB47008F5A98 /* Main.storyboard in Resources */ = {isa = PBXBuildFile; fileRef = 2EF30B1A22E7FB47008F5A98 /* Main.storyboard */; };
		2EF30B1E22E7FB49008F5A98 /* Assets.xcassets in Resources */ = {isa = PBXBuildFile; fileRef = 2EF30B1D22E7FB49008F5A98 /* Assets.xcassets */; };
		2EF30B2122E7FB49008F5A98 /* LaunchScreen.storyboard in Resources */ = {isa = PBXBuildFile; fileRef = 2EF30B1F22E7FB49008F5A98 /* LaunchScreen.storyboard */; };
		2EF30B2422E7FB49008F5A98 /* main.m in Sources */ = {isa = PBXBuildFile; fileRef = 2EF30B2322E7FB49008F5A98 /* main.m */; };
		2EF30B2E22E7FB49008F5A98 /* ____Tests.m in Sources */ = {isa = PBXBuildFile; fileRef = 2EF30B2D22E7FB49008F5A98 /* ____Tests.m */; };
		2EF30B3922E7FB49008F5A98 /* ____UITests.m in Sources */ = {isa = PBXBuildFile; fileRef = 2EF30B3822E7FB49008F5A98 /* ____UITests.m */; };
		2EF30B4A22E7FE8D008F5A98 /* SXComputerFactory.m in Sources */ = {isa = PBXBuildFile; fileRef = 2EF30B4922E7FE8D008F5A98 /* SXComputerFactory.m */; };
		2EF30B4D22E7FEBA008F5A98 /* SXComputer.m in Sources */ = {isa = PBXBuildFile; fileRef = 2EF30B4C22E7FEBA008F5A98 /* SXComputer.m */; };
		2EF30B5022E7FEFE008F5A98 /* HWComputerFactory.m in Sources */ = {isa = PBXBuildFile; fileRef = 2EF30B4F22E7FEFE008F5A98 /* HWComputerFactory.m */; };
		2EF30B5322E7FF30008F5A98 /* HWComputer.m in Sources */ = {isa = PBXBuildFile; fileRef = 2EF30B5222E7FF30008F5A98 /* HWComputer.m */; };
/* End PBXBuildFile section */

/* Begin PBXContainerItemProxy section */
		2EF30B2A22E7FB49008F5A98 /* PBXContainerItemProxy */ = {
			isa = PBXContainerItemProxy;
			containerPortal = 2EF30B0922E7FB47008F5A98 /* Project object */;
			proxyType = 1;
			remoteGlobalIDString = 2EF30B1022E7FB47008F5A98;
			remoteInfo = "工厂模式";
		};
		2EF30B3522E7FB49008F5A98 /* PBXContainerItemProxy */ = {
			isa = PBXContainerItemProxy;
			containerPortal = 2EF30B0922E7FB47008F5A98 /* Project object */;
			proxyType = 1;
			remoteGlobalIDString = 2EF30B1022E7FB47008F5A98;
			remoteInfo = "工厂模式";
		};
/* End PBXContainerItemProxy section */

/* Begin PBXFileReference section */
		2EF30B1122E7FB47008F5A98 /* 工厂模式.app */ = {isa = PBXFileReference; explicitFileType = wrapper.application; includeInIndex = 0; path = "工厂模式.app"; sourceTree = BUILT_PRODUCTS_DIR; };
		2EF30B1422E7FB47008F5A98 /* AppDelegate.h */ = {isa = PBXFileReference; lastKnownFileType = sourcecode.c.h; path = AppDelegate.h; sourceTree = "<group>"; };
		2EF30B1522E7FB47008F5A98 /* AppDelegate.m */ = {isa = PBXFileReference; lastKnownFileType = sourcecode.c.objc; path = AppDelegate.m; sourceTree = "<group>"; };
		2EF30B1722E7FB47008F5A98 /* ViewController.h */ = {isa = PBXFileReference; lastKnownFileType = sourcecode.c.h; path = ViewController.h; sourceTree = "<group>"; };
		2EF30B1822E7FB47008F5A98 /* ViewController.m */ = {isa = PBXFileReference; lastKnownFileType = sourcecode.c.objc; path = ViewController.m; sourceTree = "<group>"; };
		2EF30B1B22E7FB47008F5A98 /* Base */ = {isa = PBXFileReference; lastKnownFileType = file.storyboard; name = Base; path = Base.lproj/Main.storyboard; sourceTree = "<group>"; };
		2EF30B1D22E7FB49008F5A98 /* Assets.xcassets */ = {isa = PBXFileReference; lastKnownFileType = folder.assetcatalog; path = Assets.xcassets; sourceTree = "<group>"; };
		2EF30B2022E7FB49008F5A98 /* Base */ = {isa = PBXFileReference; lastKnownFileType = file.storyboard; name = Base; path = Base.lproj/LaunchScreen.storyboard; sourceTree = "<group>"; };
		2EF30B2222E7FB49008F5A98 /* Info.plist */ = {isa = PBXFileReference; lastKnownFileType = text.plist.xml; path = Info.plist; sourceTree = "<group>"; };
		2EF30B2322E7FB49008F5A98 /* main.m */ = {isa = PBXFileReference; lastKnownFileType = sourcecode.c.objc; path = main.m; sourceTree = "<group>"; };
		2EF30B2922E7FB49008F5A98 /* 工厂模式Tests.xctest */ = {isa = PBXFileReference; explicitFileType = wrapper.cfbundle; includeInIndex = 0; path = "工厂模式Tests.xctest"; sourceTree = BUILT_PRODUCTS_DIR; };
		2EF30B2D22E7FB49008F5A98 /* ____Tests.m */ = {isa = PBXFileReference; lastKnownFileType = sourcecode.c.objc; path = "____Tests.m"; sourceTree = "<group>"; };
		2EF30B2F22E7FB49008F5A98 /* Info.plist */ = {isa = PBXFileReference; lastKnownFileType = text.plist.xml; path = Info.plist; sourceTree = "<group>"; };
		2EF30B3422E7FB49008F5A98 /* 工厂模式UITests.xctest */ = {isa = PBXFileReference; explicitFileType = wrapper.cfbundle; includeInIndex = 0; path = "工厂模式UITests.xctest"; sourceTree = BUILT_PRODUCTS_DIR; };
		2EF30B3822E7FB49008F5A98 /* ____UITests.m */ = {isa = PBXFileReference; lastKnownFileType = sourcecode.c.objc; path = "____UITests.m"; sourceTree = "<group>"; };
		2EF30B3A22E7FB49008F5A98 /* Info.plist */ = {isa = PBXFileReference; lastKnownFileType = text.plist.xml; path = Info.plist; sourceTree = "<group>"; };
		2EF30B4622E7FBF9008F5A98 /* ComputerFactoryProtocol.h */ = {isa = PBXFileReference; lastKnownFileType = sourcecode.c.h; path = ComputerFactoryProtocol.h; sourceTree = "<group>"; };
		2EF30B4722E7FC83008F5A98 /* ComputerProtocol.h */ = {isa = PBXFileReference; lastKnownFileType = sourcecode.c.h; path = ComputerProtocol.h; sourceTree = "<group>"; };
		2EF30B4822E7FE8D008F5A98 /* SXComputerFactory.h */ = {isa = PBXFileReference; lastKnownFileType = sourcecode.c.h; path = SXComputerFactory.h; sourceTree = "<group>"; };
		2EF30B4922E7FE8D008F5A98 /* SXComputerFactory.m */ = {isa = PBXFileReference; lastKnownFileType = sourcecode.c.objc; path = SXComputerFactory.m; sourceTree = "<group>"; };
		2EF30B4B22E7FEBA008F5A98 /* SXComputer.h */ = {isa = PBXFileReference; lastKnownFileType = sourcecode.c.h; path = SXComputer.h; sourceTree = "<group>"; };
		2EF30B4C22E7FEBA008F5A98 /* SXComputer.m */ = {isa = PBXFileReference; lastKnownFileType = sourcecode.c.objc; path = SXComputer.m; sourceTree = "<group>"; };
		2EF30B4E22E7FEFE008F5A98 /* HWComputerFactory.h */ = {isa = PBXFileReference; lastKnownFileType = sourcecode.c.h; path = HWComputerFactory.h; sourceTree = "<group>"; };
		2EF30B4F22E7FEFE008F5A98 /* HWComputerFactory.m */ = {isa = PBXFileReference; lastKnownFileType = sourcecode.c.objc; path = HWComputerFactory.m; sourceTree = "<group>"; };
		2EF30B5122E7FF30008F5A98 /* HWComputer.h */ = {isa = PBXFileReference; lastKnownFileType = sourcecode.c.h; path = HWComputer.h; sourceTree = "<group>"; };
		2EF30B5222E7FF30008F5A98 /* HWComputer.m */ = {isa = PBXFileReference; lastKnownFileType = sourcecode.c.objc; path = HWComputer.m; sourceTree = "<group>"; };
/* End PBXFileReference section */

/* Begin PBXFrameworksBuildPhase section */
		2EF30B0E22E7FB47008F5A98 /* Frameworks */ = {
			isa = PBXFrameworksBuildPhase;
			buildActionMask = 2147483647;
			files = (
			);
			runOnlyForDeploymentPostprocessing = 0;
		};
		2EF30B2622E7FB49008F5A98 /* Frameworks */ = {
			isa = PBXFrameworksBuildPhase;
			buildActionMask = 2147483647;
			files = (
			);
			runOnlyForDeploymentPostprocessing = 0;
		};
		2EF30B3122E7FB49008F5A98 /* Frameworks */ = {
			isa = PBXFrameworksBuildPhase;
			buildActionMask = 2147483647;
			files = (
			);
			runOnlyForDeploymentPostprocessing = 0;
		};
/* End PBXFrameworksBuildPhase section */

/* Begin PBXGroup section */
		2EF30B0822E7FB47008F5A98 = {
			isa = PBXGroup;
			children = (
				2EF30B1322E7FB47008F5A98 /* 工厂模式 */,
				2EF30B2C22E7FB49008F5A98 /* 工厂模式Tests */,
				2EF30B3722E7FB49008F5A98 /* 工厂模式UITests */,
				2EF30B1222E7FB47008F5A98 /* Products */,
			);
			sourceTree = "<group>";
		};
		2EF30B1222E7FB47008F5A98 /* Products */ = {
			isa = PBXGroup;
			children = (
				2EF30B1122E7FB47008F5A98 /* 工厂模式.app */,
				2EF30B2922E7FB49008F5A98 /* 工厂模式Tests.xctest */,
				2EF30B3422E7FB49008F5A98 /* 工厂模式UITests.xctest */,
			);
			name = Products;
			sourceTree = "<group>";
		};
		2EF30B1322E7FB47008F5A98 /* 工厂模式 */ = {
			isa = PBXGroup;
			children = (
				2EF30B4622E7FBF9008F5A98 /* ComputerFactoryProtocol.h */,
				2EF30B4722E7FC83008F5A98 /* ComputerProtocol.h */,
				2EF30B4822E7FE8D008F5A98 /* SXComputerFactory.h */,
				2EF30B4922E7FE8D008F5A98 /* SXComputerFactory.m */,
				2EF30B4B22E7FEBA008F5A98 /* SXComputer.h */,
				2EF30B4C22E7FEBA008F5A98 /* SXComputer.m */,
				2EF30B4E22E7FEFE008F5A98 /* HWComputerFactory.h */,
				2EF30B4F22E7FEFE008F5A98 /* HWComputerFactory.m */,
				2EF30B5122E7FF30008F5A98 /* HWComputer.h */,
				2EF30B5222E7FF30008F5A98 /* HWComputer.m */,
				2EF30B1422E7FB47008F5A98 /* AppDelegate.h */,
				2EF30B1522E7FB47008F5A98 /* AppDelegate.m */,
				2EF30B1722E7FB47008F5A98 /* ViewController.h */,
				2EF30B1822E7FB47008F5A98 /* ViewController.m */,
				2EF30B1A22E7FB47008F5A98 /* Main.storyboard */,
				2EF30B1D22E7FB49008F5A98 /* Assets.xcassets */,
				2EF30B1F22E7FB49008F5A98 /* LaunchScreen.storyboard */,
				2EF30B2222E7FB49008F5A98 /* Info.plist */,
				2EF30B2322E7FB49008F5A98 /* main.m */,
			);
			path = "工厂模式";
			sourceTree = "<group>";
		};
		2EF30B2C22E7FB49008F5A98 /* 工厂模式Tests */ = {
			isa = PBXGroup;
			children = (
				2EF30B2D22E7FB49008F5A98 /* ____Tests.m */,
				2EF30B2F22E7FB49008F5A98 /* Info.plist */,
			);
			path = "工厂模式Tests";
			sourceTree = "<group>";
		};
		2EF30B3722E7FB49008F5A98 /* 工厂模式UITests */ = {
			isa = PBXGroup;
			children = (
				2EF30B3822E7FB49008F5A98 /* ____UITests.m */,
				2EF30B3A22E7FB49008F5A98 /* Info.plist */,
			);
			path = "工厂模式UITests";
			sourceTree = "<group>";
		};
/* End PBXGroup section */

/* Begin PBXNativeTarget section */
		2EF30B1022E7FB47008F5A98 /* 工厂模式 */ = {
			isa = PBXNativeTarget;
			buildConfigurationList = 2EF30B3D22E7FB49008F5A98 /* Build configuration list for PBXNativeTarget "工厂模式" */;
			buildPhases = (
				2EF30B0D22E7FB47008F5A98 /* Sources */,
				2EF30B0E22E7FB47008F5A98 /* Frameworks */,
				2EF30B0F22E7FB47008F5A98 /* Resources */,
			);
			buildRules = (
			);
			dependencies = (
			);
			name = "工厂模式";
			productName = "工厂模式";
			productReference = 2EF30B1122E7FB47008F5A98 /* 工厂模式.app */;
			productType = "com.apple.product-type.application";
		};
		2EF30B2822E7FB49008F5A98 /* 工厂模式Tests */ = {
			isa = PBXNativeTarget;
			buildConfigurationList = 2EF30B4022E7FB49008F5A98 /* Build configuration list for PBXNativeTarget "工厂模式Tests" */;
			buildPhases = (
				2EF30B2522E7FB49008F5A98 /* Sources */,
				2EF30B2622E7FB49008F5A98 /* Frameworks */,
				2EF30B2722E7FB49008F5A98 /* Resources */,
			);
			buildRules = (
			);
			dependencies = (
				2EF30B2B22E7FB49008F5A98 /* PBXTargetDependency */,
			);
			name = "工厂模式Tests";
			productName = "工厂模式Tests";
			productReference = 2EF30B2922E7FB49008F5A98 /* 工厂模式Tests.xctest */;
			productType = "com.apple.product-type.bundle.unit-test";
		};
		2EF30B3322E7FB49008F5A98 /* 工厂模式UITests */ = {
			isa = PBXNativeTarget;
			buildConfigurationList = 2EF30B4322E7FB49008F5A98 /* Build configuration list for PBXNativeTarget "工厂模式UITests" */;
			buildPhases = (
				2EF30B3022E7FB49008F5A98 /* Sources */,
				2EF30B3122E7FB49008F5A98 /* Frameworks */,
				2EF30B3222E7FB49008F5A98 /* Resources */,
			);
			buildRules = (
			);
			dependencies = (
				2EF30B3622E7FB49008F5A98 /* PBXTargetDependency */,
			);
			name = "工厂模式UITests";
			productName = "工厂模式UITests";
			productReference = 2EF30B3422E7FB49008F5A98 /* 工厂模式UITests.xctest */;
			productType = "com.apple.product-type.bundle.ui-testing";
		};
/* End PBXNativeTarget section */

/* Begin PBXProject section */
		2EF30B0922E7FB47008F5A98 /* Project object */ = {
			isa = PBXProject;
			attributes = {
				LastUpgradeCheck = 1020;
				ORGANIZATIONNAME = zdq;
				TargetAttributes = {
					2EF30B1022E7FB47008F5A98 = {
						CreatedOnToolsVersion = 10.2.1;
					};
					2EF30B2822E7FB49008F5A98 = {
						CreatedOnToolsVersion = 10.2.1;
						TestTargetID = 2EF30B1022E7FB47008F5A98;
					};
					2EF30B3322E7FB49008F5A98 = {
						CreatedOnToolsVersion = 10.2.1;
						TestTargetID = 2EF30B1022E7FB47008F5A98;
					};
				};
			};
			buildConfigurationList = 2EF30B0C22E7FB47008F5A98 /* Build configuration list for PBXProject "工厂模式" */;
			compatibilityVersion = "Xcode 9.3";
			developmentRegion = en;
			hasScannedForEncodings = 0;
			knownRegions = (
				en,
				Base,
			);
			mainGroup = 2EF30B0822E7FB47008F5A98;
			productRefGroup = 2EF30B1222E7FB47008F5A98 /* Products */;
			projectDirPath = "";
			projectRoot = "";
			targets = (
				2EF30B1022E7FB47008F5A98 /* 工厂模式 */,
				2EF30B2822E7FB49008F5A98 /* 工厂模式Tests */,
				2EF30B3322E7FB49008F5A98 /* 工厂模式UITests */,
			);
		};
/* End PBXProject section */

/* Begin PBXResourcesBuildPhase section */
		2EF30B0F22E7FB47008F5A98 /* Resources */ = {
			isa = PBXResourcesBuildPhase;
			buildActionMask = 2147483647;
			files = (
				2EF30B2122E7FB49008F5A98 /* LaunchScreen.storyboard in Resources */,
				2EF30B1E22E7FB49008F5A98 /* Assets.xcassets in Resources */,
				2EF30B1C22E7FB47008F5A98 /* Main.storyboard in Resources */,
			);
			runOnlyForDeploymentPostprocessing = 0;
		};
		2EF30B2722E7FB49008F5A98 /* Resources */ = {
			isa = PBXResourcesBuildPhase;
			buildActionMask = 2147483647;
			files = (
			);
			runOnlyForDeploymentPostprocessing = 0;
		};
		2EF30B3222E7FB49008F5A98 /* Resources */ = {
			isa = PBXResourcesBuildPhase;
			buildActionMask = 2147483647;
			files = (
			);
			runOnlyForDeploymentPostprocessing = 0;
		};
/* End PBXResourcesBuildPhase section */

/* Begin PBXSourcesBuildPhase section */
		2EF30B0D22E7FB47008F5A98 /* Sources */ = {
			isa = PBXSourcesBuildPhase;
			buildActionMask = 2147483647;
			files = (
				2EF30B5322E7FF30008F5A98 /* HWComputer.m in Sources */,
				2EF30B5022E7FEFE008F5A98 /* HWComputerFactory.m in Sources */,
				2EF30B4A22E7FE8D008F5A98 /* SXComputerFactory.m in Sources */,
				2EF30B1922E7FB47008F5A98 /* ViewController.m in Sources */,
				2EF30B2422E7FB49008F5A98 /* main.m in Sources */,
				2EF30B4D22E7FEBA008F5A98 /* SXComputer.m in Sources */,
				2EF30B1622E7FB47008F5A98 /* AppDelegate.m in Sources */,
			);
			runOnlyForDeploymentPostprocessing = 0;
		};
		2EF30B2522E7FB49008F5A98 /* Sources */ = {
			isa = PBXSourcesBuildPhase;
			buildActionMask = 2147483647;
			files = (
				2EF30B2E22E7FB49008F5A98 /* ____Tests.m in Sources */,
			);
			runOnlyForDeploymentPostprocessing = 0;
		};
		2EF30B3022E7FB49008F5A98 /* Sources */ = {
			isa = PBXSourcesBuildPhase;
			buildActionMask = 2147483647;
			files = (
				2EF30B3922E7FB49008F5A98 /* ____UITests.m in Sources */,
			);
			runOnlyForDeploymentPostprocessing = 0;
		};
/* End PBXSourcesBuildPhase section */

/* Begin PBXTargetDependency section */
		2EF30B2B22E7FB49008F5A98 /* PBXTargetDependency */ = {
			isa = PBXTargetDependency;
			target = 2EF30B1022E7FB47008F5A98 /* 工厂模式 */;
			targetProxy = 2EF30B2A22E7FB49008F5A98 /* PBXContainerItemProxy */;
		};
		2EF30B3622E7FB49008F5A98 /* PBXTargetDependency */ = {
			isa = PBXTargetDependency;
			target = 2EF30B1022E7FB47008F5A98 /* 工厂模式 */;
			targetProxy = 2EF30B3522E7FB49008F5A98 /* PBXContainerItemProxy */;
		};
/* End PBXTargetDependency section */

/* Begin PBXVariantGroup section */
		2EF30B1A22E7FB47008F5A98 /* Main.storyboard */ = {
			isa = PBXVariantGroup;
			children = (
				2EF30B1B22E7FB47008F5A98 /* Base */,
			);
			name = Main.storyboard;
			sourceTree = "<group>";
		};
		2EF30B1F22E7FB49008F5A98 /* LaunchScreen.storyboard */ = {
			isa = PBXVariantGroup;
			children = (
				2EF30B2022E7FB49008F5A98 /* Base */,
			);
			name = LaunchScreen.storyboard;
			sourceTree = "<group>";
		};
/* End PBXVariantGroup section */

/* Begin XCBuildConfiguration section */
		2EF30B3B22E7FB49008F5A98 /* Debug */ = {
			isa = XCBuildConfiguration;
			buildSettings = {
				ALWAYS_SEARCH_USER_PATHS = NO;
				CLANG_ANALYZER_NONNULL = YES;
				CLANG_ANALYZER_NUMBER_OBJECT_CONVERSION = YES_AGGRESSIVE;
				CLANG_CXX_LANGUAGE_STANDARD = "gnu++14";
				CLANG_CXX_LIBRARY = "libc++";
				CLANG_ENABLE_MODULES = YES;
				CLANG_ENABLE_OBJC_ARC = YES;
				CLANG_ENABLE_OBJC_WEAK = YES;
				CLANG_WARN_BLOCK_CAPTURE_AUTORELEASING = YES;
				CLANG_WARN_BOOL_CONVERSION = YES;
				CLANG_WARN_COMMA = YES;
				CLANG_WARN_CONSTANT_CONVERSION = YES;
				CLANG_WARN_DEPRECATED_OBJC_IMPLEMENTATIONS = YES;
				CLANG_WARN_DIRECT_OBJC_ISA_USAGE = YES_ERROR;
				CLANG_WARN_DOCUMENTATION_COMMENTS = YES;
				CLANG_WARN_EMPTY_BODY = YES;
				CLANG_WARN_ENUM_CONVERSION = YES;
				CLANG_WARN_INFINITE_RECURSION = YES;
				CLANG_WARN_INT_CONVERSION = YES;
				CLANG_WARN_NON_LITERAL_NULL_CONVERSION = YES;
				CLANG_WARN_OBJC_IMPLICIT_RETAIN_SELF = YES;
				CLANG_WARN_OBJC_LITERAL_CONVERSION = YES;
				CLANG_WARN_OBJC_ROOT_CLASS = YES_ERROR;
				CLANG_WARN_RANGE_LOOP_ANALYSIS = YES;
				CLANG_WARN_STRICT_PROTOTYPES = YES;
				CLANG_WARN_SUSPICIOUS_MOVE = YES;
				CLANG_WARN_UNGUARDED_AVAILABILITY = YES_AGGRESSIVE;
				CLANG_WARN_UNREACHABLE_CODE = YES;
				CLANG_WARN__DUPLICATE_METHOD_MATCH = YES;
				CODE_SIGN_IDENTITY = "iPhone Developer";
				COPY_PHASE_STRIP = NO;
				DEBUG_INFORMATION_FORMAT = dwarf;
				ENABLE_STRICT_OBJC_MSGSEND = YES;
				ENABLE_TESTABILITY = YES;
				GCC_C_LANGUAGE_STANDARD = gnu11;
				GCC_DYNAMIC_NO_PIC = NO;
				GCC_NO_COMMON_BLOCKS = YES;
				GCC_OPTIMIZATION_LEVEL = 0;
				GCC_PREPROCESSOR_DEFINITIONS = (
					"DEBUG=1",
					"$(inherited)",
				);
				GCC_WARN_64_TO_32_BIT_CONVERSION = YES;
				GCC_WARN_ABOUT_RETURN_TYPE = YES_ERROR;
				GCC_WARN_UNDECLARED_SELECTOR = YES;
				GCC_WARN_UNINITIALIZED_AUTOS = YES_AGGRESSIVE;
				GCC_WARN_UNUSED_FUNCTION = YES;
				GCC_WARN_UNUSED_VARIABLE = YES;
				IPHONEOS_DEPLOYMENT_TARGET = 12.2;
				MTL_ENABLE_DEBUG_INFO = INCLUDE_SOURCE;
				MTL_FAST_MATH = YES;
				ONLY_ACTIVE_ARCH = YES;
				SDKROOT = iphoneos;
			};
			name = Debug;
		};
		2EF30B3C22E7FB49008F5A98 /* Release */ = {
			isa = XCBuildConfiguration;
			buildSettings = {
				ALWAYS_SEARCH_USER_PATHS = NO;
				CLANG_ANALYZER_NONNULL = YES;
				CLANG_ANALYZER_NUMBER_OBJECT_CONVERSION = YES_AGGRESSIVE;
				CLANG_CXX_LANGUAGE_STANDARD = "gnu++14";
				CLANG_CXX_LIBRARY = "libc++";
				CLANG_ENABLE_MODULES = YES;
				CLANG_ENABLE_OBJC_ARC = YES;
				CLANG_ENABLE_OBJC_WEAK = YES;
				CLANG_WARN_BLOCK_CAPTURE_AUTORELEASING = YES;
				CLANG_WARN_BOOL_CONVERSION = YES;
				CLANG_WARN_COMMA = YES;
				CLANG_WARN_CONSTANT_CONVERSION = YES;
				CLANG_WARN_DEPRECATED_OBJC_IMPLEMENTATIONS = YES;
				CLANG_WARN_DIRECT_OBJC_ISA_USAGE = YES_ERROR;
				CLANG_WARN_DOCUMENTATION_COMMENTS = YES;
				CLANG_WARN_EMPTY_BODY = YES;
				CLANG_WARN_ENUM_CONVERSION = YES;
				CLANG_WARN_INFINITE_RECURSION = YES;
				CLANG_WARN_INT_CONVERSION = YES;
				CLANG_WARN_NON_LITERAL_NULL_CONVERSION = YES;
				CLANG_WARN_OBJC_IMPLICIT_RETAIN_SELF = YES;
				CLANG_WARN_OBJC_LITERAL_CONVERSION = YES;
				CLANG_WARN_OBJC_ROOT_CLASS = YES_ERROR;
				CLANG_WARN_RANGE_LOOP_ANALYSIS = YES;
				CLANG_WARN_STRICT_PROTOTYPES = YES;
				CLANG_WARN_SUSPICIOUS_MOVE = YES;
				CLANG_WARN_UNGUARDED_AVAILABILITY = YES_AGGRESSIVE;
				CLANG_WARN_UNREACHABLE_CODE = YES;
				CLANG_WARN__DUPLICATE_METHOD_MATCH = YES;
				CODE_SIGN_IDENTITY = "iPhone Developer";
				COPY_PHASE_STRIP = NO;
				DEBUG_INFORMATION_FORMAT = "dwarf-with-dsym";
				ENABLE_NS_ASSERTIONS = NO;
				ENABLE_STRICT_OBJC_MSGSEND = YES;
				GCC_C_LANGUAGE_STANDARD = gnu11;
				GCC_NO_COMMON_BLOCKS = YES;
				GCC_WARN_64_TO_32_BIT_CONVERSION = YES;
				GCC_WARN_ABOUT_RETURN_TYPE = YES_ERROR;
				GCC_WARN_UNDECLARED_SELECTOR = YES;
				GCC_WARN_UNINITIALIZED_AUTOS = YES_AGGRESSIVE;
				GCC_WARN_UNUSED_FUNCTION = YES;
				GCC_WARN_UNUSED_VARIABLE = YES;
				IPHONEOS_DEPLOYMENT_TARGET = 12.2;
				MTL_ENABLE_DEBUG_INFO = NO;
				MTL_FAST_MATH = YES;
				SDKROOT = iphoneos;
				VALIDATE_PRODUCT = YES;
			};
			name = Release;
		};
		2EF30B3E22E7FB49008F5A98 /* Debug */ = {
			isa = XCBuildConfiguration;
			buildSettings = {
				ASSETCATALOG_COMPILER_APPICON_NAME = AppIcon;
				CODE_SIGN_STYLE = Automatic;
				INFOPLIST_FILE = "工厂模式/Info.plist";
				LD_RUNPATH_SEARCH_PATHS = (
					"$(inherited)",
					"@executable_path/Frameworks",
				);
				PRODUCT_BUNDLE_IDENTIFIER = "zdq.----";
				PRODUCT_NAME = "$(TARGET_NAME)";
				TARGETED_DEVICE_FAMILY = "1,2";
			};
			name = Debug;
		};
		2EF30B3F22E7FB49008F5A98 /* Release */ = {
			isa = XCBuildConfiguration;
			buildSettings = {
				ASSETCATALOG_COMPILER_APPICON_NAME = AppIcon;
				CODE_SIGN_STYLE = Automatic;
				INFOPLIST_FILE = "工厂模式/Info.plist";
				LD_RUNPATH_SEARCH_PATHS = (
					"$(inherited)",
					"@executable_path/Frameworks",
				);
				PRODUCT_BUNDLE_IDENTIFIER = "zdq.----";
				PRODUCT_NAME = "$(TARGET_NAME)";
				TARGETED_DEVICE_FAMILY = "1,2";
			};
			name = Release;
		};
		2EF30B4122E7FB49008F5A98 /* Debug */ = {
			isa = XCBuildConfiguration;
			buildSettings = {
				BUNDLE_LOADER = "$(TEST_HOST)";
				CODE_SIGN_STYLE = Automatic;
				INFOPLIST_FILE = "工厂模式Tests/Info.plist";
				LD_RUNPATH_SEARCH_PATHS = (
					"$(inherited)",
					"@executable_path/Frameworks",
					"@loader_path/Frameworks",
				);
				PRODUCT_BUNDLE_IDENTIFIER = "zdq.----Tests";
				PRODUCT_NAME = "$(TARGET_NAME)";
				TARGETED_DEVICE_FAMILY = "1,2";
				TEST_HOST = "$(BUILT_PRODUCTS_DIR)/工厂模式.app/工厂模式";
			};
			name = Debug;
		};
		2EF30B4222E7FB49008F5A98 /* Release */ = {
			isa = XCBuildConfiguration;
			buildSettings = {
				BUNDLE_LOADER = "$(TEST_HOST)";
				CODE_SIGN_STYLE = Automatic;
				INFOPLIST_FILE = "工厂模式Tests/Info.plist";
				LD_RUNPATH_SEARCH_PATHS = (
					"$(inherited)",
					"@executable_path/Frameworks",
					"@loader_path/Frameworks",
				);
				PRODUCT_BUNDLE_IDENTIFIER = "zdq.----Tests";
				PRODUCT_NAME = "$(TARGET_NAME)";
				TARGETED_DEVICE_FAMILY = "1,2";
				TEST_HOST = "$(BUILT_PRODUCTS_DIR)/工厂模式.app/工厂模式";
			};
			name = Release;
		};
		2EF30B4422E7FB49008F5A98 /* Debug */ = {
			isa = XCBuildConfiguration;
			buildSettings = {
				CODE_SIGN_STYLE = Automatic;
				INFOPLIST_FILE = "工厂模式UITests/Info.plist";
				LD_RUNPATH_SEARCH_PATHS = (
					"$(inherited)",
					"@executable_path/Frameworks",
					"@loader_path/Frameworks",
				);
				PRODUCT_BUNDLE_IDENTIFIER = "zdq.----UITests";
				PRODUCT_NAME = "$(TARGET_NAME)";
				TARGETED_DEVICE_FAMILY = "1,2";
				TEST_TARGET_NAME = "工厂模式";
			};
			name = Debug;
		};
		2EF30B4522E7FB49008F5A98 /* Release */ = {
			isa = XCBuildConfiguration;
			buildSettings = {
				CODE_SIGN_STYLE = Automatic;
				INFOPLIST_FILE = "工厂模式UITests/Info.plist";
				LD_RUNPATH_SEARCH_PATHS = (
					"$(inherited)",
					"@executable_path/Frameworks",
					"@loader_path/Frameworks",
				);
				PRODUCT_BUNDLE_IDENTIFIER = "zdq.----UITests";
				PRODUCT_NAME = "$(TARGET_NAME)";
				TARGETED_DEVICE_FAMILY = "1,2";
				TEST_TARGET_NAME = "工厂模式";
			};
			name = Release;
		};
/* End XCBuildConfiguration section */

/* Begin XCConfigurationList section */
		2EF30B0C22E7FB47008F5A98 /* Build configuration list for PBXProject "工厂模式" */ = {
			isa = XCConfigurationList;
			buildConfigurations = (
				2EF30B3B22E7FB49008F5A98 /* Debug */,
				2EF30B3C22E7FB49008F5A98 /* Release */,
			);
			defaultConfigurationIsVisible = 0;
			defaultConfigurationName = Release;
		};
		2EF30B3D22E7FB49008F5A98 /* Build configuration list for PBXNativeTarget "工厂模式" */ = {
			isa = XCConfigurationList;
			buildConfigurations = (
				2EF30B3E22E7FB49008F5A98 /* Debug */,
				2EF30B3F22E7FB49008F5A98 /* Release */,
			);
			defaultConfigurationIsVisible = 0;
			defaultConfigurationName = Release;
		};
		2EF30B4022E7FB49008F5A98 /* Build configuration list for PBXNativeTarget "工厂模式Tests" */ = {
			isa = XCConfigurationList;
			buildConfigurations = (
				2EF30B4122E7FB49008F5A98 /* Debug */,
				2EF30B4222E7FB49008F5A98 /* Release */,
			);
			defaultConfigurationIsVisible = 0;
			defaultConfigurationName = Release;
		};
		2EF30B4322E7FB49008F5A98 /* Build configuration list for PBXNativeTarget "工厂模式UITests" */ = {
			isa = XCConfigurationList;
			buildConfigurations = (
				2EF30B4422E7FB49008F5A98 /* Debug */,
				2EF30B4522E7FB49008F5A98 /* Release */,
			);
			defaultConfigurationIsVisible = 0;
			defaultConfigurationName = Release;
		};
/* End XCConfigurationList section */
	};
	rootObject = 2EF30B0922E7FB47008F5A98 /* Project object */;
}
