// !$*UTF8*$!
{
	archiveVersion = 1;
	classes = {
	};
	objectVersion = 50;
	objects = {

/* Begin PBXBuildFile section */
		2E6E5C9222E1E159008E24E9 /* AppDelegate.swift in Sources */ = {isa = PBXBuildFile; fileRef = 2E6E5C9122E1E159008E24E9 /* AppDelegate.swift */; };
		2E6E5C9422E1E159008E24E9 /* ViewController.swift in Sources */ = {isa = PBXBuildFile; fileRef = 2E6E5C9322E1E159008E24E9 /* ViewController.swift */; };
		2E6E5C9722E1E159008E24E9 /* Main.storyboard in Resources */ = {isa = PBXBuildFile; fileRef = 2E6E5C9522E1E159008E24E9 /* Main.storyboard */; };
		2E6E5C9922E1E15A008E24E9 /* Assets.xcassets in Resources */ = {isa = PBXBuildFile; fileRef = 2E6E5C9822E1E15A008E24E9 /* Assets.xcassets */; };
		2E6E5C9C22E1E15A008E24E9 /* LaunchScreen.storyboard in Resources */ = {isa = PBXBuildFile; fileRef = 2E6E5C9A22E1E15A008E24E9 /* LaunchScreen.storyboard */; };
		2E6E5CA722E1E15A008E24E9 /* ____Tests.swift in Sources */ = {isa = PBXBuildFile; fileRef = 2E6E5CA622E1E15A008E24E9 /* ____Tests.swift */; };
		2E6E5CB222E1E15A008E24E9 /* ____UITests.swift in Sources */ = {isa = PBXBuildFile; fileRef = 2E6E5CB122E1E15A008E24E9 /* ____UITests.swift */; };
		2E6E5CC022E1E171008E24E9 /* TMCommandProtocol.swift in Sources */ = {isa = PBXBuildFile; fileRef = 2E6E5CBF22E1E171008E24E9 /* TMCommandProtocol.swift */; };
		2E6E5CC222E1E17E008E24E9 /* TetrisMachine.swift in Sources */ = {isa = PBXBuildFile; fileRef = 2E6E5CC122E1E17E008E24E9 /* TetrisMachine.swift */; };
		2E6E5CC422E1E188008E24E9 /* TetrisMachineManager.swift in Sources */ = {isa = PBXBuildFile; fileRef = 2E6E5CC322E1E188008E24E9 /* TetrisMachineManager.swift */; };
		2E6E5CC622E1E19B008E24E9 /* TMToLeftCommand.swift in Sources */ = {isa = PBXBuildFile; fileRef = 2E6E5CC522E1E19B008E24E9 /* TMToLeftCommand.swift */; };
		2E6E5CC822E1E863008E24E9 /* TMToRightCommand.swift in Sources */ = {isa = PBXBuildFile; fileRef = 2E6E5CC722E1E863008E24E9 /* TMToRightCommand.swift */; };
		2E6E5CCA22E1E870008E24E9 /* TMToTopCommand.swift in Sources */ = {isa = PBXBuildFile; fileRef = 2E6E5CC922E1E870008E24E9 /* TMToTopCommand.swift */; };
		2E6E5CCE22E1EE39008E24E9 /* DynamicCommand.swift in Sources */ = {isa = PBXBuildFile; fileRef = 2E6E5CCD22E1EE39008E24E9 /* DynamicCommand.swift */; };
		2E6E5CD022E1EFCB008E24E9 /* DynamicCommandManager.swift in Sources */ = {isa = PBXBuildFile; fileRef = 2E6E5CCF22E1EFCB008E24E9 /* DynamicCommandManager.swift */; };
		2E6E5CD322E2A20F008E24E9 /* CompoundCommand.swift in Sources */ = {isa = PBXBuildFile; fileRef = 2E6E5CD222E2A20F008E24E9 /* CompoundCommand.swift */; };
		2E6E5CD522E2A73F008E24E9 /* CompoundCommandManager.swift in Sources */ = {isa = PBXBuildFile; fileRef = 2E6E5CD422E2A73F008E24E9 /* CompoundCommandManager.swift */; };
		2EF34F6722E5EF2B00239EFA /* GenericsCommand.swift in Sources */ = {isa = PBXBuildFile; fileRef = 2EF34F6622E5EF2B00239EFA /* GenericsCommand.swift */; };
		2EF34F6922E5F07400239EFA /* GenericsCommandManager.swift in Sources */ = {isa = PBXBuildFile; fileRef = 2EF34F6822E5F07400239EFA /* GenericsCommandManager.swift */; };
		2EF34F6C22E6A83B00239EFA /* QueueCommandManager.swift in Sources */ = {isa = PBXBuildFile; fileRef = 2EF34F6B22E6A83B00239EFA /* QueueCommandManager.swift */; };
/* End PBXBuildFile section */

/* Begin PBXContainerItemProxy section */
		2E6E5CA322E1E15A008E24E9 /* PBXContainerItemProxy */ = {
			isa = PBXContainerItemProxy;
			containerPortal = 2E6E5C8622E1E159008E24E9 /* Project object */;
			proxyType = 1;
			remoteGlobalIDString = 2E6E5C8D22E1E159008E24E9;
			remoteInfo = "命令模式";
		};
		2E6E5CAE22E1E15A008E24E9 /* PBXContainerItemProxy */ = {
			isa = PBXContainerItemProxy;
			containerPortal = 2E6E5C8622E1E159008E24E9 /* Project object */;
			proxyType = 1;
			remoteGlobalIDString = 2E6E5C8D22E1E159008E24E9;
			remoteInfo = "命令模式";
		};
/* End PBXContainerItemProxy section */

/* Begin PBXFileReference section */
		2E6E5C8E22E1E159008E24E9 /* 命令模式.app */ = {isa = PBXFileReference; explicitFileType = wrapper.application; includeInIndex = 0; path = "命令模式.app"; sourceTree = BUILT_PRODUCTS_DIR; };
		2E6E5C9122E1E159008E24E9 /* AppDelegate.swift */ = {isa = PBXFileReference; lastKnownFileType = sourcecode.swift; path = AppDelegate.swift; sourceTree = "<group>"; };
		2E6E5C9322E1E159008E24E9 /* ViewController.swift */ = {isa = PBXFileReference; lastKnownFileType = sourcecode.swift; path = ViewController.swift; sourceTree = "<group>"; };
		2E6E5C9622E1E159008E24E9 /* Base */ = {isa = PBXFileReference; lastKnownFileType = file.storyboard; name = Base; path = Base.lproj/Main.storyboard; sourceTree = "<group>"; };
		2E6E5C9822E1E15A008E24E9 /* Assets.xcassets */ = {isa = PBXFileReference; lastKnownFileType = folder.assetcatalog; path = Assets.xcassets; sourceTree = "<group>"; };
		2E6E5C9B22E1E15A008E24E9 /* Base */ = {isa = PBXFileReference; lastKnownFileType = file.storyboard; name = Base; path = Base.lproj/LaunchScreen.storyboard; sourceTree = "<group>"; };
		2E6E5C9D22E1E15A008E24E9 /* Info.plist */ = {isa = PBXFileReference; lastKnownFileType = text.plist.xml; path = Info.plist; sourceTree = "<group>"; };
		2E6E5CA222E1E15A008E24E9 /* 命令模式Tests.xctest */ = {isa = PBXFileReference; explicitFileType = wrapper.cfbundle; includeInIndex = 0; path = "命令模式Tests.xctest"; sourceTree = BUILT_PRODUCTS_DIR; };
		2E6E5CA622E1E15A008E24E9 /* ____Tests.swift */ = {isa = PBXFileReference; lastKnownFileType = sourcecode.swift; path = "____Tests.swift"; sourceTree = "<group>"; };
		2E6E5CA822E1E15A008E24E9 /* Info.plist */ = {isa = PBXFileReference; lastKnownFileType = text.plist.xml; path = Info.plist; sourceTree = "<group>"; };
		2E6E5CAD22E1E15A008E24E9 /* 命令模式UITests.xctest */ = {isa = PBXFileReference; explicitFileType = wrapper.cfbundle; includeInIndex = 0; path = "命令模式UITests.xctest"; sourceTree = BUILT_PRODUCTS_DIR; };
		2E6E5CB122E1E15A008E24E9 /* ____UITests.swift */ = {isa = PBXFileReference; lastKnownFileType = sourcecode.swift; path = "____UITests.swift"; sourceTree = "<group>"; };
		2E6E5CB322E1E15A008E24E9 /* Info.plist */ = {isa = PBXFileReference; lastKnownFileType = text.plist.xml; path = Info.plist; sourceTree = "<group>"; };
		2E6E5CBF22E1E171008E24E9 /* TMCommandProtocol.swift */ = {isa = PBXFileReference; lastKnownFileType = sourcecode.swift; path = TMCommandProtocol.swift; sourceTree = "<group>"; };
		2E6E5CC122E1E17E008E24E9 /* TetrisMachine.swift */ = {isa = PBXFileReference; lastKnownFileType = sourcecode.swift; path = TetrisMachine.swift; sourceTree = "<group>"; };
		2E6E5CC322E1E188008E24E9 /* TetrisMachineManager.swift */ = {isa = PBXFileReference; lastKnownFileType = sourcecode.swift; path = TetrisMachineManager.swift; sourceTree = "<group>"; };
		2E6E5CC522E1E19B008E24E9 /* TMToLeftCommand.swift */ = {isa = PBXFileReference; lastKnownFileType = sourcecode.swift; path = TMToLeftCommand.swift; sourceTree = "<group>"; };
		2E6E5CC722E1E863008E24E9 /* TMToRightCommand.swift */ = {isa = PBXFileReference; lastKnownFileType = sourcecode.swift; path = TMToRightCommand.swift; sourceTree = "<group>"; };
		2E6E5CC922E1E870008E24E9 /* TMToTopCommand.swift */ = {isa = PBXFileReference; lastKnownFileType = sourcecode.swift; path = TMToTopCommand.swift; sourceTree = "<group>"; };
		2E6E5CCD22E1EE39008E24E9 /* DynamicCommand.swift */ = {isa = PBXFileReference; lastKnownFileType = sourcecode.swift; path = DynamicCommand.swift; sourceTree = "<group>"; };
		2E6E5CCF22E1EFCB008E24E9 /* DynamicCommandManager.swift */ = {isa = PBXFileReference; lastKnownFileType = sourcecode.swift; path = DynamicCommandManager.swift; sourceTree = "<group>"; };
		2E6E5CD222E2A20F008E24E9 /* CompoundCommand.swift */ = {isa = PBXFileReference; lastKnownFileType = sourcecode.swift; path = CompoundCommand.swift; sourceTree = "<group>"; };
		2E6E5CD422E2A73F008E24E9 /* CompoundCommandManager.swift */ = {isa = PBXFileReference; lastKnownFileType = sourcecode.swift; path = CompoundCommandManager.swift; sourceTree = "<group>"; };
		2EF34F6622E5EF2B00239EFA /* GenericsCommand.swift */ = {isa = PBXFileReference; lastKnownFileType = sourcecode.swift; path = GenericsCommand.swift; sourceTree = "<group>"; };
		2EF34F6822E5F07400239EFA /* GenericsCommandManager.swift */ = {isa = PBXFileReference; lastKnownFileType = sourcecode.swift; path = GenericsCommandManager.swift; sourceTree = "<group>"; };
		2EF34F6B22E6A83B00239EFA /* QueueCommandManager.swift */ = {isa = PBXFileReference; lastKnownFileType = sourcecode.swift; path = QueueCommandManager.swift; sourceTree = "<group>"; };
/* End PBXFileReference section */

/* Begin PBXFrameworksBuildPhase section */
		2E6E5C8B22E1E159008E24E9 /* Frameworks */ = {
			isa = PBXFrameworksBuildPhase;
			buildActionMask = 2147483647;
			files = (
			);
			runOnlyForDeploymentPostprocessing = 0;
		};
		2E6E5C9F22E1E15A008E24E9 /* Frameworks */ = {
			isa = PBXFrameworksBuildPhase;
			buildActionMask = 2147483647;
			files = (
			);
			runOnlyForDeploymentPostprocessing = 0;
		};
		2E6E5CAA22E1E15A008E24E9 /* Frameworks */ = {
			isa = PBXFrameworksBuildPhase;
			buildActionMask = 2147483647;
			files = (
			);
			runOnlyForDeploymentPostprocessing = 0;
		};
/* End PBXFrameworksBuildPhase section */

/* Begin PBXGroup section */
		2E6E5C8522E1E159008E24E9 = {
			isa = PBXGroup;
			children = (
				2E6E5C9022E1E159008E24E9 /* 命令模式 */,
				2E6E5CA522E1E15A008E24E9 /* 命令模式Tests */,
				2E6E5CB022E1E15A008E24E9 /* 命令模式UITests */,
				2E6E5C8F22E1E159008E24E9 /* Products */,
			);
			sourceTree = "<group>";
		};
		2E6E5C8F22E1E159008E24E9 /* Products */ = {
			isa = PBXGroup;
			children = (
				2E6E5C8E22E1E159008E24E9 /* 命令模式.app */,
				2E6E5CA222E1E15A008E24E9 /* 命令模式Tests.xctest */,
				2E6E5CAD22E1E15A008E24E9 /* 命令模式UITests.xctest */,
			);
			name = Products;
			sourceTree = "<group>";
		};
		2E6E5C9022E1E159008E24E9 /* 命令模式 */ = {
			isa = PBXGroup;
			children = (
				2E6E5C9122E1E159008E24E9 /* AppDelegate.swift */,
				2E6E5C9322E1E159008E24E9 /* ViewController.swift */,
				2EF34F6A22E6A73A00239EFA /* QueueCommand */,
				2EF34F6522E5EF1B00239EFA /* 泛型命令 */,
				2E6E5CD122E2A202008E24E9 /* Compound */,
				2E6E5CCC22E1EE1D008E24E9 /* Dynamic */,
				2E6E5CCB22E1EE07008E24E9 /* Base */,
				2E6E5C9522E1E159008E24E9 /* Main.storyboard */,
				2E6E5C9822E1E15A008E24E9 /* Assets.xcassets */,
				2E6E5C9A22E1E15A008E24E9 /* LaunchScreen.storyboard */,
				2E6E5C9D22E1E15A008E24E9 /* Info.plist */,
			);
			path = "命令模式";
			sourceTree = "<group>";
		};
		2E6E5CA522E1E15A008E24E9 /* 命令模式Tests */ = {
			isa = PBXGroup;
			children = (
				2E6E5CA622E1E15A008E24E9 /* ____Tests.swift */,
				2E6E5CA822E1E15A008E24E9 /* Info.plist */,
			);
			path = "命令模式Tests";
			sourceTree = "<group>";
		};
		2E6E5CB022E1E15A008E24E9 /* 命令模式UITests */ = {
			isa = PBXGroup;
			children = (
				2E6E5CB122E1E15A008E24E9 /* ____UITests.swift */,
				2E6E5CB322E1E15A008E24E9 /* Info.plist */,
			);
			path = "命令模式UITests";
			sourceTree = "<group>";
		};
		2E6E5CCB22E1EE07008E24E9 /* Base */ = {
			isa = PBXGroup;
			children = (
				2E6E5CBF22E1E171008E24E9 /* TMCommandProtocol.swift */,
				2E6E5CC122E1E17E008E24E9 /* TetrisMachine.swift */,
				2E6E5CC322E1E188008E24E9 /* TetrisMachineManager.swift */,
				2E6E5CC522E1E19B008E24E9 /* TMToLeftCommand.swift */,
				2E6E5CC722E1E863008E24E9 /* TMToRightCommand.swift */,
				2E6E5CC922E1E870008E24E9 /* TMToTopCommand.swift */,
			);
			path = Base;
			sourceTree = "<group>";
		};
		2E6E5CCC22E1EE1D008E24E9 /* Dynamic */ = {
			isa = PBXGroup;
			children = (
				2E6E5CCD22E1EE39008E24E9 /* DynamicCommand.swift */,
				2E6E5CCF22E1EFCB008E24E9 /* DynamicCommandManager.swift */,
			);
			path = Dynamic;
			sourceTree = "<group>";
		};
		2E6E5CD122E2A202008E24E9 /* Compound */ = {
			isa = PBXGroup;
			children = (
				2E6E5CD222E2A20F008E24E9 /* CompoundCommand.swift */,
				2E6E5CD422E2A73F008E24E9 /* CompoundCommandManager.swift */,
			);
			path = Compound;
			sourceTree = "<group>";
		};
		2EF34F6522E5EF1B00239EFA /* 泛型命令 */ = {
			isa = PBXGroup;
			children = (
				2EF34F6622E5EF2B00239EFA /* GenericsCommand.swift */,
				2EF34F6822E5F07400239EFA /* GenericsCommandManager.swift */,
			);
			path = "泛型命令";
			sourceTree = "<group>";
		};
		2EF34F6A22E6A73A00239EFA /* QueueCommand */ = {
			isa = PBXGroup;
			children = (
				2EF34F6B22E6A83B00239EFA /* QueueCommandManager.swift */,
			);
			path = QueueCommand;
			sourceTree = "<group>";
		};
/* End PBXGroup section */

/* Begin PBXNativeTarget section */
		2E6E5C8D22E1E159008E24E9 /* 命令模式 */ = {
			isa = PBXNativeTarget;
			buildConfigurationList = 2E6E5CB622E1E15A008E24E9 /* Build configuration list for PBXNativeTarget "命令模式" */;
			buildPhases = (
				2E6E5C8A22E1E159008E24E9 /* Sources */,
				2E6E5C8B22E1E159008E24E9 /* Frameworks */,
				2E6E5C8C22E1E159008E24E9 /* Resources */,
			);
			buildRules = (
			);
			dependencies = (
			);
			name = "命令模式";
			productName = "命令模式";
			productReference = 2E6E5C8E22E1E159008E24E9 /* 命令模式.app */;
			productType = "com.apple.product-type.application";
		};
		2E6E5CA122E1E15A008E24E9 /* 命令模式Tests */ = {
			isa = PBXNativeTarget;
			buildConfigurationList = 2E6E5CB922E1E15A008E24E9 /* Build configuration list for PBXNativeTarget "命令模式Tests" */;
			buildPhases = (
				2E6E5C9E22E1E15A008E24E9 /* Sources */,
				2E6E5C9F22E1E15A008E24E9 /* Frameworks */,
				2E6E5CA022E1E15A008E24E9 /* Resources */,
			);
			buildRules = (
			);
			dependencies = (
				2E6E5CA422E1E15A008E24E9 /* PBXTargetDependency */,
			);
			name = "命令模式Tests";
			productName = "命令模式Tests";
			productReference = 2E6E5CA222E1E15A008E24E9 /* 命令模式Tests.xctest */;
			productType = "com.apple.product-type.bundle.unit-test";
		};
		2E6E5CAC22E1E15A008E24E9 /* 命令模式UITests */ = {
			isa = PBXNativeTarget;
			buildConfigurationList = 2E6E5CBC22E1E15A008E24E9 /* Build configuration list for PBXNativeTarget "命令模式UITests" */;
			buildPhases = (
				2E6E5CA922E1E15A008E24E9 /* Sources */,
				2E6E5CAA22E1E15A008E24E9 /* Frameworks */,
				2E6E5CAB22E1E15A008E24E9 /* Resources */,
			);
			buildRules = (
			);
			dependencies = (
				2E6E5CAF22E1E15A008E24E9 /* PBXTargetDependency */,
			);
			name = "命令模式UITests";
			productName = "命令模式UITests";
			productReference = 2E6E5CAD22E1E15A008E24E9 /* 命令模式UITests.xctest */;
			productType = "com.apple.product-type.bundle.ui-testing";
		};
/* End PBXNativeTarget section */

/* Begin PBXProject section */
		2E6E5C8622E1E159008E24E9 /* Project object */ = {
			isa = PBXProject;
			attributes = {
				LastSwiftUpdateCheck = 1020;
				LastUpgradeCheck = 1020;
				ORGANIZATIONNAME = zdq;
				TargetAttributes = {
					2E6E5C8D22E1E159008E24E9 = {
						CreatedOnToolsVersion = 10.2.1;
					};
					2E6E5CA122E1E15A008E24E9 = {
						CreatedOnToolsVersion = 10.2.1;
						TestTargetID = 2E6E5C8D22E1E159008E24E9;
					};
					2E6E5CAC22E1E15A008E24E9 = {
						CreatedOnToolsVersion = 10.2.1;
						TestTargetID = 2E6E5C8D22E1E159008E24E9;
					};
				};
			};
			buildConfigurationList = 2E6E5C8922E1E159008E24E9 /* Build configuration list for PBXProject "命令模式" */;
			compatibilityVersion = "Xcode 9.3";
			developmentRegion = en;
			hasScannedForEncodings = 0;
			knownRegions = (
				en,
				Base,
			);
			mainGroup = 2E6E5C8522E1E159008E24E9;
			productRefGroup = 2E6E5C8F22E1E159008E24E9 /* Products */;
			projectDirPath = "";
			projectRoot = "";
			targets = (
				2E6E5C8D22E1E159008E24E9 /* 命令模式 */,
				2E6E5CA122E1E15A008E24E9 /* 命令模式Tests */,
				2E6E5CAC22E1E15A008E24E9 /* 命令模式UITests */,
			);
		};
/* End PBXProject section */

/* Begin PBXResourcesBuildPhase section */
		2E6E5C8C22E1E159008E24E9 /* Resources */ = {
			isa = PBXResourcesBuildPhase;
			buildActionMask = 2147483647;
			files = (
				2E6E5C9C22E1E15A008E24E9 /* LaunchScreen.storyboard in Resources */,
				2E6E5C9922E1E15A008E24E9 /* Assets.xcassets in Resources */,
				2E6E5C9722E1E159008E24E9 /* Main.storyboard in Resources */,
			);
			runOnlyForDeploymentPostprocessing = 0;
		};
		2E6E5CA022E1E15A008E24E9 /* Resources */ = {
			isa = PBXResourcesBuildPhase;
			buildActionMask = 2147483647;
			files = (
			);
			runOnlyForDeploymentPostprocessing = 0;
		};
		2E6E5CAB22E1E15A008E24E9 /* Resources */ = {
			isa = PBXResourcesBuildPhase;
			buildActionMask = 2147483647;
			files = (
			);
			runOnlyForDeploymentPostprocessing = 0;
		};
/* End PBXResourcesBuildPhase section */

/* Begin PBXSourcesBuildPhase section */
		2E6E5C8A22E1E159008E24E9 /* Sources */ = {
			isa = PBXSourcesBuildPhase;
			buildActionMask = 2147483647;
			files = (
				2EF34F6722E5EF2B00239EFA /* GenericsCommand.swift in Sources */,
				2EF34F6C22E6A83B00239EFA /* QueueCommandManager.swift in Sources */,
				2EF34F6922E5F07400239EFA /* GenericsCommandManager.swift in Sources */,
				2E6E5C9422E1E159008E24E9 /* ViewController.swift in Sources */,
				2E6E5CC422E1E188008E24E9 /* TetrisMachineManager.swift in Sources */,
				2E6E5CC622E1E19B008E24E9 /* TMToLeftCommand.swift in Sources */,
				2E6E5CD022E1EFCB008E24E9 /* DynamicCommandManager.swift in Sources */,
				2E6E5C9222E1E159008E24E9 /* AppDelegate.swift in Sources */,
				2E6E5CC822E1E863008E24E9 /* TMToRightCommand.swift in Sources */,
				2E6E5CD522E2A73F008E24E9 /* CompoundCommandManager.swift in Sources */,
				2E6E5CD322E2A20F008E24E9 /* CompoundCommand.swift in Sources */,
				2E6E5CCE22E1EE39008E24E9 /* DynamicCommand.swift in Sources */,
				2E6E5CCA22E1E870008E24E9 /* TMToTopCommand.swift in Sources */,
				2E6E5CC222E1E17E008E24E9 /* TetrisMachine.swift in Sources */,
				2E6E5CC022E1E171008E24E9 /* TMCommandProtocol.swift in Sources */,
			);
			runOnlyForDeploymentPostprocessing = 0;
		};
		2E6E5C9E22E1E15A008E24E9 /* Sources */ = {
			isa = PBXSourcesBuildPhase;
			buildActionMask = 2147483647;
			files = (
				2E6E5CA722E1E15A008E24E9 /* ____Tests.swift in Sources */,
			);
			runOnlyForDeploymentPostprocessing = 0;
		};
		2E6E5CA922E1E15A008E24E9 /* Sources */ = {
			isa = PBXSourcesBuildPhase;
			buildActionMask = 2147483647;
			files = (
				2E6E5CB222E1E15A008E24E9 /* ____UITests.swift in Sources */,
			);
			runOnlyForDeploymentPostprocessing = 0;
		};
/* End PBXSourcesBuildPhase section */

/* Begin PBXTargetDependency section */
		2E6E5CA422E1E15A008E24E9 /* PBXTargetDependency */ = {
			isa = PBXTargetDependency;
			target = 2E6E5C8D22E1E159008E24E9 /* 命令模式 */;
			targetProxy = 2E6E5CA322E1E15A008E24E9 /* PBXContainerItemProxy */;
		};
		2E6E5CAF22E1E15A008E24E9 /* PBXTargetDependency */ = {
			isa = PBXTargetDependency;
			target = 2E6E5C8D22E1E159008E24E9 /* 命令模式 */;
			targetProxy = 2E6E5CAE22E1E15A008E24E9 /* PBXContainerItemProxy */;
		};
/* End PBXTargetDependency section */

/* Begin PBXVariantGroup section */
		2E6E5C9522E1E159008E24E9 /* Main.storyboard */ = {
			isa = PBXVariantGroup;
			children = (
				2E6E5C9622E1E159008E24E9 /* Base */,
			);
			name = Main.storyboard;
			sourceTree = "<group>";
		};
		2E6E5C9A22E1E15A008E24E9 /* LaunchScreen.storyboard */ = {
			isa = PBXVariantGroup;
			children = (
				2E6E5C9B22E1E15A008E24E9 /* Base */,
			);
			name = LaunchScreen.storyboard;
			sourceTree = "<group>";
		};
/* End PBXVariantGroup section */

/* Begin XCBuildConfiguration section */
		2E6E5CB422E1E15A008E24E9 /* Debug */ = {
			isa = XCBuildConfiguration;
			buildSettings = {
				ALWAYS_SEARCH_USER_PATHS = NO;
				CLANG_ANALYZER_NONNULL = YES;
				CLANG_ANALYZER_NUMBER_OBJECT_CONVERSION = YES_AGGRESSIVE;
				CLANG_CXX_LANGUAGE_STANDARD = "gnu++14";
				CLANG_CXX_LIBRARY = "libc++";
				CLANG_ENABLE_MODULES = YES;
				CLANG_ENABLE_OBJC_ARC = YES;
				CLANG_ENABLE_OBJC_WEAK = YES;
				CLANG_WARN_BLOCK_CAPTURE_AUTORELEASING = YES;
				CLANG_WARN_BOOL_CONVERSION = YES;
				CLANG_WARN_COMMA = YES;
				CLANG_WARN_CONSTANT_CONVERSION = YES;
				CLANG_WARN_DEPRECATED_OBJC_IMPLEMENTATIONS = YES;
				CLANG_WARN_DIRECT_OBJC_ISA_USAGE = YES_ERROR;
				CLANG_WARN_DOCUMENTATION_COMMENTS = YES;
				CLANG_WARN_EMPTY_BODY = YES;
				CLANG_WARN_ENUM_CONVERSION = YES;
				CLANG_WARN_INFINITE_RECURSION = YES;
				CLANG_WARN_INT_CONVERSION = YES;
				CLANG_WARN_NON_LITERAL_NULL_CONVERSION = YES;
				CLANG_WARN_OBJC_IMPLICIT_RETAIN_SELF = YES;
				CLANG_WARN_OBJC_LITERAL_CONVERSION = YES;
				CLANG_WARN_OBJC_ROOT_CLASS = YES_ERROR;
				CLANG_WARN_RANGE_LOOP_ANALYSIS = YES;
				CLANG_WARN_STRICT_PROTOTYPES = YES;
				CLANG_WARN_SUSPICIOUS_MOVE = YES;
				CLANG_WARN_UNGUARDED_AVAILABILITY = YES_AGGRESSIVE;
				CLANG_WARN_UNREACHABLE_CODE = YES;
				CLANG_WARN__DUPLICATE_METHOD_MATCH = YES;
				CODE_SIGN_IDENTITY = "iPhone Developer";
				COPY_PHASE_STRIP = NO;
				DEBUG_INFORMATION_FORMAT = dwarf;
				ENABLE_STRICT_OBJC_MSGSEND = YES;
				ENABLE_TESTABILITY = YES;
				GCC_C_LANGUAGE_STANDARD = gnu11;
				GCC_DYNAMIC_NO_PIC = NO;
				GCC_NO_COMMON_BLOCKS = YES;
				GCC_OPTIMIZATION_LEVEL = 0;
				GCC_PREPROCESSOR_DEFINITIONS = (
					"DEBUG=1",
					"$(inherited)",
				);
				GCC_WARN_64_TO_32_BIT_CONVERSION = YES;
				GCC_WARN_ABOUT_RETURN_TYPE = YES_ERROR;
				GCC_WARN_UNDECLARED_SELECTOR = YES;
				GCC_WARN_UNINITIALIZED_AUTOS = YES_AGGRESSIVE;
				GCC_WARN_UNUSED_FUNCTION = YES;
				GCC_WARN_UNUSED_VARIABLE = YES;
				IPHONEOS_DEPLOYMENT_TARGET = 12.2;
				MTL_ENABLE_DEBUG_INFO = INCLUDE_SOURCE;
				MTL_FAST_MATH = YES;
				ONLY_ACTIVE_ARCH = YES;
				SDKROOT = iphoneos;
				SWIFT_ACTIVE_COMPILATION_CONDITIONS = DEBUG;
				SWIFT_OPTIMIZATION_LEVEL = "-Onone";
			};
			name = Debug;
		};
		2E6E5CB522E1E15A008E24E9 /* Release */ = {
			isa = XCBuildConfiguration;
			buildSettings = {
				ALWAYS_SEARCH_USER_PATHS = NO;
				CLANG_ANALYZER_NONNULL = YES;
				CLANG_ANALYZER_NUMBER_OBJECT_CONVERSION = YES_AGGRESSIVE;
				CLANG_CXX_LANGUAGE_STANDARD = "gnu++14";
				CLANG_CXX_LIBRARY = "libc++";
				CLANG_ENABLE_MODULES = YES;
				CLANG_ENABLE_OBJC_ARC = YES;
				CLANG_ENABLE_OBJC_WEAK = YES;
				CLANG_WARN_BLOCK_CAPTURE_AUTORELEASING = YES;
				CLANG_WARN_BOOL_CONVERSION = YES;
				CLANG_WARN_COMMA = YES;
				CLANG_WARN_CONSTANT_CONVERSION = YES;
				CLANG_WARN_DEPRECATED_OBJC_IMPLEMENTATIONS = YES;
				CLANG_WARN_DIRECT_OBJC_ISA_USAGE = YES_ERROR;
				CLANG_WARN_DOCUMENTATION_COMMENTS = YES;
				CLANG_WARN_EMPTY_BODY = YES;
				CLANG_WARN_ENUM_CONVERSION = YES;
				CLANG_WARN_INFINITE_RECURSION = YES;
				CLANG_WARN_INT_CONVERSION = YES;
				CLANG_WARN_NON_LITERAL_NULL_CONVERSION = YES;
				CLANG_WARN_OBJC_IMPLICIT_RETAIN_SELF = YES;
				CLANG_WARN_OBJC_LITERAL_CONVERSION = YES;
				CLANG_WARN_OBJC_ROOT_CLASS = YES_ERROR;
				CLANG_WARN_RANGE_LOOP_ANALYSIS = YES;
				CLANG_WARN_STRICT_PROTOTYPES = YES;
				CLANG_WARN_SUSPICIOUS_MOVE = YES;
				CLANG_WARN_UNGUARDED_AVAILABILITY = YES_AGGRESSIVE;
				CLANG_WARN_UNREACHABLE_CODE = YES;
				CLANG_WARN__DUPLICATE_METHOD_MATCH = YES;
				CODE_SIGN_IDENTITY = "iPhone Developer";
				COPY_PHASE_STRIP = NO;
				DEBUG_INFORMATION_FORMAT = "dwarf-with-dsym";
				ENABLE_NS_ASSERTIONS = NO;
				ENABLE_STRICT_OBJC_MSGSEND = YES;
				GCC_C_LANGUAGE_STANDARD = gnu11;
				GCC_NO_COMMON_BLOCKS = YES;
				GCC_WARN_64_TO_32_BIT_CONVERSION = YES;
				GCC_WARN_ABOUT_RETURN_TYPE = YES_ERROR;
				GCC_WARN_UNDECLARED_SELECTOR = YES;
				GCC_WARN_UNINITIALIZED_AUTOS = YES_AGGRESSIVE;
				GCC_WARN_UNUSED_FUNCTION = YES;
				GCC_WARN_UNUSED_VARIABLE = YES;
				IPHONEOS_DEPLOYMENT_TARGET = 12.2;
				MTL_ENABLE_DEBUG_INFO = NO;
				MTL_FAST_MATH = YES;
				SDKROOT = iphoneos;
				SWIFT_COMPILATION_MODE = wholemodule;
				SWIFT_OPTIMIZATION_LEVEL = "-O";
				VALIDATE_PRODUCT = YES;
			};
			name = Release;
		};
		2E6E5CB722E1E15A008E24E9 /* Debug */ = {
			isa = XCBuildConfiguration;
			buildSettings = {
				ASSETCATALOG_COMPILER_APPICON_NAME = AppIcon;
				CODE_SIGN_STYLE = Automatic;
				INFOPLIST_FILE = "命令模式/Info.plist";
				LD_RUNPATH_SEARCH_PATHS = (
					"$(inherited)",
					"@executable_path/Frameworks",
				);
				PRODUCT_BUNDLE_IDENTIFIER = "zdq.----";
				PRODUCT_NAME = "$(TARGET_NAME)";
				SWIFT_VERSION = 5.0;
				TARGETED_DEVICE_FAMILY = "1,2";
			};
			name = Debug;
		};
		2E6E5CB822E1E15A008E24E9 /* Release */ = {
			isa = XCBuildConfiguration;
			buildSettings = {
				ASSETCATALOG_COMPILER_APPICON_NAME = AppIcon;
				CODE_SIGN_STYLE = Automatic;
				INFOPLIST_FILE = "命令模式/Info.plist";
				LD_RUNPATH_SEARCH_PATHS = (
					"$(inherited)",
					"@executable_path/Frameworks",
				);
				PRODUCT_BUNDLE_IDENTIFIER = "zdq.----";
				PRODUCT_NAME = "$(TARGET_NAME)";
				SWIFT_VERSION = 5.0;
				TARGETED_DEVICE_FAMILY = "1,2";
			};
			name = Release;
		};
		2E6E5CBA22E1E15A008E24E9 /* Debug */ = {
			isa = XCBuildConfiguration;
			buildSettings = {
				ALWAYS_EMBED_SWIFT_STANDARD_LIBRARIES = YES;
				BUNDLE_LOADER = "$(TEST_HOST)";
				CODE_SIGN_STYLE = Automatic;
				INFOPLIST_FILE = "命令模式Tests/Info.plist";
				LD_RUNPATH_SEARCH_PATHS = (
					"$(inherited)",
					"@executable_path/Frameworks",
					"@loader_path/Frameworks",
				);
				PRODUCT_BUNDLE_IDENTIFIER = "zdq.----Tests";
				PRODUCT_NAME = "$(TARGET_NAME)";
				SWIFT_VERSION = 5.0;
				TARGETED_DEVICE_FAMILY = "1,2";
				TEST_HOST = "$(BUILT_PRODUCTS_DIR)/命令模式.app/命令模式";
			};
			name = Debug;
		};
		2E6E5CBB22E1E15A008E24E9 /* Release */ = {
			isa = XCBuildConfiguration;
			buildSettings = {
				ALWAYS_EMBED_SWIFT_STANDARD_LIBRARIES = YES;
				BUNDLE_LOADER = "$(TEST_HOST)";
				CODE_SIGN_STYLE = Automatic;
				INFOPLIST_FILE = "命令模式Tests/Info.plist";
				LD_RUNPATH_SEARCH_PATHS = (
					"$(inherited)",
					"@executable_path/Frameworks",
					"@loader_path/Frameworks",
				);
				PRODUCT_BUNDLE_IDENTIFIER = "zdq.----Tests";
				PRODUCT_NAME = "$(TARGET_NAME)";
				SWIFT_VERSION = 5.0;
				TARGETED_DEVICE_FAMILY = "1,2";
				TEST_HOST = "$(BUILT_PRODUCTS_DIR)/命令模式.app/命令模式";
			};
			name = Release;
		};
		2E6E5CBD22E1E15A008E24E9 /* Debug */ = {
			isa = XCBuildConfiguration;
			buildSettings = {
				ALWAYS_EMBED_SWIFT_STANDARD_LIBRARIES = YES;
				CODE_SIGN_STYLE = Automatic;
				INFOPLIST_FILE = "命令模式UITests/Info.plist";
				LD_RUNPATH_SEARCH_PATHS = (
					"$(inherited)",
					"@executable_path/Frameworks",
					"@loader_path/Frameworks",
				);
				PRODUCT_BUNDLE_IDENTIFIER = "zdq.----UITests";
				PRODUCT_NAME = "$(TARGET_NAME)";
				SWIFT_VERSION = 5.0;
				TARGETED_DEVICE_FAMILY = "1,2";
				TEST_TARGET_NAME = "命令模式";
			};
			name = Debug;
		};
		2E6E5CBE22E1E15A008E24E9 /* Release */ = {
			isa = XCBuildConfiguration;
			buildSettings = {
				ALWAYS_EMBED_SWIFT_STANDARD_LIBRARIES = YES;
				CODE_SIGN_STYLE = Automatic;
				INFOPLIST_FILE = "命令模式UITests/Info.plist";
				LD_RUNPATH_SEARCH_PATHS = (
					"$(inherited)",
					"@executable_path/Frameworks",
					"@loader_path/Frameworks",
				);
				PRODUCT_BUNDLE_IDENTIFIER = "zdq.----UITests";
				PRODUCT_NAME = "$(TARGET_NAME)";
				SWIFT_VERSION = 5.0;
				TARGETED_DEVICE_FAMILY = "1,2";
				TEST_TARGET_NAME = "命令模式";
			};
			name = Release;
		};
/* End XCBuildConfiguration section */

/* Begin XCConfigurationList section */
		2E6E5C8922E1E159008E24E9 /* Build configuration list for PBXProject "命令模式" */ = {
			isa = XCConfigurationList;
			buildConfigurations = (
				2E6E5CB422E1E15A008E24E9 /* Debug */,
				2E6E5CB522E1E15A008E24E9 /* Release */,
			);
			defaultConfigurationIsVisible = 0;
			defaultConfigurationName = Release;
		};
		2E6E5CB622E1E15A008E24E9 /* Build configuration list for PBXNativeTarget "命令模式" */ = {
			isa = XCConfigurationList;
			buildConfigurations = (
				2E6E5CB722E1E15A008E24E9 /* Debug */,
				2E6E5CB822E1E15A008E24E9 /* Release */,
			);
			defaultConfigurationIsVisible = 0;
			defaultConfigurationName = Release;
		};
		2E6E5CB922E1E15A008E24E9 /* Build configuration list for PBXNativeTarget "命令模式Tests" */ = {
			isa = XCConfigurationList;
			buildConfigurations = (
				2E6E5CBA22E1E15A008E24E9 /* Debug */,
				2E6E5CBB22E1E15A008E24E9 /* Release */,
			);
			defaultConfigurationIsVisible = 0;
			defaultConfigurationName = Release;
		};
		2E6E5CBC22E1E15A008E24E9 /* Build configuration list for PBXNativeTarget "命令模式UITests" */ = {
			isa = XCConfigurationList;
			buildConfigurations = (
				2E6E5CBD22E1E15A008E24E9 /* Debug */,
				2E6E5CBE22E1E15A008E24E9 /* Release */,
			);
			defaultConfigurationIsVisible = 0;
			defaultConfigurationName = Release;
		};
/* End XCConfigurationList section */
	};
	rootObject = 2E6E5C8622E1E159008E24E9 /* Project object */;
}
